
Microsoft Visual Studio Solution File, Format Version 12.00
# Visual Studio Version 17
VisualStudioVersion = 17.9.34728.123
MinimumVisualStudioVersion = 10.0.40219.1
Project("{FAE04EC0-301F-11D3-BF4B-00C04F79EFBC}") = "ModernDesignWPF", "ModernDesignWPF\ModernDesignWPF.csproj", "{D9C95EC9-634B-423D-90D3-A02B22CE0B8C}"
EndProject
Global
	GlobalSection(SolutionConfigurationPlatforms) = preSolution
		Debug|Any CPU = Debug|Any CPU
		Release|Any CPU = Release|Any CPU
	EndGlobalSection
	GlobalSection(ProjectConfigurationPlatforms) = postSolution
		{D9C95EC9-634B-423D-90D3-A02B22CE0B8C}.Debug|Any CPU.ActiveCfg = Debug|Any CPU
		{D9C95EC9-634B-423D-90D3-A02B22CE0B8C}.Debug|Any CPU.Build.0 = Debug|Any CPU
		{D9C95EC9-634B-423D-90D3-A02B22CE0B8C}.Release|Any CPU.ActiveCfg = Release|Any CPU
		{D9C95EC9-634B-423D-90D3-A02B22CE0B8C}.Release|Any CPU.Build.0 = Release|Any CPU
	EndGlobalSection
	GlobalSection(SolutionProperties) = preSolution
		HideSolutionNode = FALSE
	EndGlobalSection
	GlobalSection(ExtensibilityGlobals) = postSolution
		SolutionGuid = {19A17D49-11E8-4FA9-9F1D-5437F7896B93}
	EndGlobalSection
EndGlobal
